
Microsoft Visual Studio Solution File, Format Version 12.00
# Visual Studio Version 17
VisualStudioVersion = 17.13.35919.96
MinimumVisualStudioVersion = 10.0.40219.1
Project("{FAE04EC0-301F-11D3-BF4B-00C04F79EFBC}") = "ProjectEuler", "ProjectEuler\ProjectEuler.csproj", "{D8F03445-DBB7-4BD6-A647-47C859FA2962}"
EndProject
Project("{2150E333-8FDC-42A3-9474-1A3956D46DE8}") = "Solution", "Solution", "{02EA681E-C7D8-13C7-8484-4AC65E1B71E8}"
	ProjectSection(SolutionItems) = preProject
		..\.editorconfig = ..\.editorconfig
		..\.gitignore = ..\.gitignore
		..\.github\workflows\BuildAndTestProjectEuler.yml = ..\.github\workflows\BuildAndTestProjectEuler.yml
		README.md = README.md
	EndProjectSection
EndProject
Project("{FAE04EC0-301F-11D3-BF4B-00C04F79EFBC}") = "ProjectEuler.Tests", "ProjectEuler.Tests\ProjectEuler.Tests.csproj", "{5028720C-CAFE-475E-890C-FFA5EFE0D413}"
EndProject
Global
	GlobalSection(SolutionConfigurationPlatforms) = preSolution
		Debug|Any CPU = Debug|Any CPU
		Release|Any CPU = Release|Any CPU
	EndGlobalSection
	GlobalSection(ProjectConfigurationPlatforms) = postSolution
		{D8F03445-DBB7-4BD6-A647-47C859FA2962}.Debug|Any CPU.ActiveCfg = Debug|Any CPU
		{D8F03445-DBB7-4BD6-A647-47C859FA2962}.Debug|Any CPU.Build.0 = Debug|Any CPU
		{D8F03445-DBB7-4BD6-A647-47C859FA2962}.Release|Any CPU.ActiveCfg = Release|Any CPU
		{D8F03445-DBB7-4BD6-A647-47C859FA2962}.Release|Any CPU.Build.0 = Release|Any CPU
		{5028720C-CAFE-475E-890C-FFA5EFE0D413}.Debug|Any CPU.ActiveCfg = Debug|Any CPU
		{5028720C-CAFE-475E-890C-FFA5EFE0D413}.Debug|Any CPU.Build.0 = Debug|Any CPU
		{5028720C-CAFE-475E-890C-FFA5EFE0D413}.Release|Any CPU.ActiveCfg = Release|Any CPU
		{5028720C-CAFE-475E-890C-FFA5EFE0D413}.Release|Any CPU.Build.0 = Release|Any CPU
	EndGlobalSection
	GlobalSection(SolutionProperties) = preSolution
		HideSolutionNode = FALSE
	EndGlobalSection
	GlobalSection(ExtensibilityGlobals) = postSolution
		SolutionGuid = {257ACA69-1AD5-4E64-B61E-3B5F05D2679A}
	EndGlobalSection
EndGlobal
